
Microsoft Visual Studio Solution File, Format Version 12.00
# Visual Studio 15
VisualStudioVersion = 15.0.28010.2041
MinimumVisualStudioVersion = 10.0.40219.1
Project("{FAE04EC0-301F-11D3-BF4B-00C04F79EFBC}") = "MyUniqueNumber", "MyUniqueNumber\MyUniqueNumber.csproj", "{D93AD3AE-74A4-4694-B50D-FA36408D1036}"
EndProject
Global
	GlobalSection(SolutionConfigurationPlatforms) = preSolution
		Debug|Any CPU = Debug|Any CPU
		Release|Any CPU = Release|Any CPU
	EndGlobalSection
	GlobalSection(ProjectConfigurationPlatforms) = postSolution
		{D93AD3AE-74A4-4694-B50D-FA36408D1036}.Debug|Any CPU.ActiveCfg = Debug|Any CPU
		{D93AD3AE-74A4-4694-B50D-FA36408D1036}.Debug|Any CPU.Build.0 = Debug|Any CPU
		{D93AD3AE-74A4-4694-B50D-FA36408D1036}.Release|Any CPU.ActiveCfg = Release|Any CPU
		{D93AD3AE-74A4-4694-B50D-FA36408D1036}.Release|Any CPU.Build.0 = Release|Any CPU
	EndGlobalSection
	GlobalSection(SolutionProperties) = preSolution
		HideSolutionNode = FALSE
	EndGlobalSection
	GlobalSection(ExtensibilityGlobals) = postSolution
		SolutionGuid = {15DAE7FE-4FE3-41D6-9F71-5BD0C9EA51C1}
	EndGlobalSection
EndGlobal
